
Microsoft Visual Studio Solution File, Format Version 12.00
# Visual Studio Version 16
VisualStudioVersion = 16.0.29102.190
MinimumVisualStudioVersion = 10.0.40219.1
Project("{2150E333-8FDC-42A3-9474-1A3956D46DE8}") = "5.WebLayer", "5.WebLayer", "{771120AB-DE9B-4510-BD2F-305E06766F3E}"
EndProject
Project("{2150E333-8FDC-42A3-9474-1A3956D46DE8}") = "4.ServiceLayer", "4.ServiceLayer", "{F50E7F5A-3B74-4465-AD30-4C869D591D42}"
EndProject
Project("{2150E333-8FDC-42A3-9474-1A3956D46DE8}") = "3.BusinessLayer", "3.BusinessLayer", "{2E587B2C-94EA-4AF3-8FDA-BD9B39277B30}"
EndProject
Project("{2150E333-8FDC-42A3-9474-1A3956D46DE8}") = "2.DataLayer", "2.DataLayer", "{B7E6957E-3E96-4ECF-A015-B287023565D7}"
EndProject
Project("{2150E333-8FDC-42A3-9474-1A3956D46DE8}") = "1.DataModel", "1.DataModel", "{8CC5B866-5992-4738-88BD-741F52177C65}"
EndProject
Project("{2150E333-8FDC-42A3-9474-1A3956D46DE8}") = "Common", "Common", "{844C6481-EE6E-41F8-97BD-0FCAA9BEEC22}"
EndProject
Project("{FAE04EC0-301F-11D3-BF4B-00C04F79EFBC}") = "TDR.Web", "..\TDR.Web\TDR.Web.csproj", "{F33C9439-935B-43EB-AF88-86BE80402794}"
EndProject
Project("{FAE04EC0-301F-11D3-BF4B-00C04F79EFBC}") = "TDR.DataModel", "TDR.DataModel\TDR.DataModel.csproj", "{99037F90-414F-445B-8BCF-1DA5127EEB0F}"
EndProject
Project("{2150E333-8FDC-42A3-9474-1A3956D46DE8}") = "Sql", "Sql", "{221B241F-8330-4567-9CAE-B9A4AE8EB080}"
EndProject
Project("{2150E333-8FDC-42A3-9474-1A3956D46DE8}") = "Oracle", "Oracle", "{05E6CD36-F52F-4584-B953-BCBD8E99975E}"
EndProject
Project("{FAE04EC0-301F-11D3-BF4B-00C04F79EFBC}") = "TDR.DataLayer", "TDR.DataLayer\TDR.DataLayer.csproj", "{D8A30AFE-FE74-40C9-B968-5EF97AA8B98B}"
EndProject
Project("{FAE04EC0-301F-11D3-BF4B-00C04F79EFBC}") = "TDR.BusinessLayer", "TDR.BusinessLayer\TDR.BusinessLayer.csproj", "{3D3DAA04-C2DD-40B4-9183-2E90C1A29D7F}"
EndProject
Global
	GlobalSection(SolutionConfigurationPlatforms) = preSolution
		Debug|Any CPU = Debug|Any CPU
		Release|Any CPU = Release|Any CPU
	EndGlobalSection
	GlobalSection(ProjectConfigurationPlatforms) = postSolution
		{F33C9439-935B-43EB-AF88-86BE80402794}.Debug|Any CPU.ActiveCfg = Debug|Any CPU
		{F33C9439-935B-43EB-AF88-86BE80402794}.Debug|Any CPU.Build.0 = Debug|Any CPU
		{F33C9439-935B-43EB-AF88-86BE80402794}.Release|Any CPU.ActiveCfg = Release|Any CPU
		{F33C9439-935B-43EB-AF88-86BE80402794}.Release|Any CPU.Build.0 = Release|Any CPU
		{99037F90-414F-445B-8BCF-1DA5127EEB0F}.Debug|Any CPU.ActiveCfg = Debug|Any CPU
		{99037F90-414F-445B-8BCF-1DA5127EEB0F}.Debug|Any CPU.Build.0 = Debug|Any CPU
		{99037F90-414F-445B-8BCF-1DA5127EEB0F}.Release|Any CPU.ActiveCfg = Release|Any CPU
		{99037F90-414F-445B-8BCF-1DA5127EEB0F}.Release|Any CPU.Build.0 = Release|Any CPU
		{D8A30AFE-FE74-40C9-B968-5EF97AA8B98B}.Debug|Any CPU.ActiveCfg = Debug|Any CPU
		{D8A30AFE-FE74-40C9-B968-5EF97AA8B98B}.Debug|Any CPU.Build.0 = Debug|Any CPU
		{D8A30AFE-FE74-40C9-B968-5EF97AA8B98B}.Release|Any CPU.ActiveCfg = Release|Any CPU
		{D8A30AFE-FE74-40C9-B968-5EF97AA8B98B}.Release|Any CPU.Build.0 = Release|Any CPU
		{3D3DAA04-C2DD-40B4-9183-2E90C1A29D7F}.Debug|Any CPU.ActiveCfg = Debug|Any CPU
		{3D3DAA04-C2DD-40B4-9183-2E90C1A29D7F}.Debug|Any CPU.Build.0 = Debug|Any CPU
		{3D3DAA04-C2DD-40B4-9183-2E90C1A29D7F}.Release|Any CPU.ActiveCfg = Release|Any CPU
		{3D3DAA04-C2DD-40B4-9183-2E90C1A29D7F}.Release|Any CPU.Build.0 = Release|Any CPU
	EndGlobalSection
	GlobalSection(SolutionProperties) = preSolution
		HideSolutionNode = FALSE
	EndGlobalSection
	GlobalSection(NestedProjects) = preSolution
		{F33C9439-935B-43EB-AF88-86BE80402794} = {771120AB-DE9B-4510-BD2F-305E06766F3E}
		{99037F90-414F-445B-8BCF-1DA5127EEB0F} = {8CC5B866-5992-4738-88BD-741F52177C65}
		{221B241F-8330-4567-9CAE-B9A4AE8EB080} = {B7E6957E-3E96-4ECF-A015-B287023565D7}
		{05E6CD36-F52F-4584-B953-BCBD8E99975E} = {B7E6957E-3E96-4ECF-A015-B287023565D7}
		{D8A30AFE-FE74-40C9-B968-5EF97AA8B98B} = {221B241F-8330-4567-9CAE-B9A4AE8EB080}
		{3D3DAA04-C2DD-40B4-9183-2E90C1A29D7F} = {2E587B2C-94EA-4AF3-8FDA-BD9B39277B30}
	EndGlobalSection
	GlobalSection(ExtensibilityGlobals) = postSolution
		SolutionGuid = {1509557E-62A2-444B-A620-0E855D046B7D}
	EndGlobalSection
EndGlobal
